
Microsoft Visual Studio Solution File, Format Version 12.00
# Visual Studio 14
VisualStudioVersion = 14.0.25123.0
MinimumVisualStudioVersion = 10.0.40219.1
Project("{2150E333-8FDC-42A3-9474-1A3956D46DE8}") = "src", "src", "{029A27DB-076B-4856-B169-A7DA01277F8A}"
EndProject
Project("{8BB2217D-0F2D-49D1-97BC-3654ED321F3B}") = "RequestChain", "src\RequestChain\RequestChain.xproj", "{65BC8757-8123-4B16-A440-ABFA0FCBB166}"
EndProject
Project("{2150E333-8FDC-42A3-9474-1A3956D46DE8}") = "test", "test", "{E822DF3E-2432-4E24-BFB3-9C1B9FADCB12}"
EndProject
Project("{8BB2217D-0F2D-49D1-97BC-3654ED321F3B}") = "RequestChain.Test", "test\RequestChain.Test\RequestChain.Test.xproj", "{28F6E54D-3D57-481E-B598-3791D8BFD68E}"
EndProject
Project("{2150E333-8FDC-42A3-9474-1A3956D46DE8}") = "Solution Items", "Solution Items", "{087A8C4D-C752-42BA-8E74-FD1BE20716D3}"
	ProjectSection(SolutionItems) = preProject
		global.json = global.json
	EndProjectSection
EndProject
Global
	GlobalSection(SolutionConfigurationPlatforms) = preSolution
		Debug|Any CPU = Debug|Any CPU
		Release|Any CPU = Release|Any CPU
	EndGlobalSection
	GlobalSection(ProjectConfigurationPlatforms) = postSolution
		{65BC8757-8123-4B16-A440-ABFA0FCBB166}.Debug|Any CPU.ActiveCfg = Debug|Any CPU
		{65BC8757-8123-4B16-A440-ABFA0FCBB166}.Debug|Any CPU.Build.0 = Debug|Any CPU
		{65BC8757-8123-4B16-A440-ABFA0FCBB166}.Release|Any CPU.ActiveCfg = Release|Any CPU
		{65BC8757-8123-4B16-A440-ABFA0FCBB166}.Release|Any CPU.Build.0 = Release|Any CPU
		{28F6E54D-3D57-481E-B598-3791D8BFD68E}.Debug|Any CPU.ActiveCfg = Debug|Any CPU
		{28F6E54D-3D57-481E-B598-3791D8BFD68E}.Debug|Any CPU.Build.0 = Debug|Any CPU
		{28F6E54D-3D57-481E-B598-3791D8BFD68E}.Release|Any CPU.ActiveCfg = Release|Any CPU
		{28F6E54D-3D57-481E-B598-3791D8BFD68E}.Release|Any CPU.Build.0 = Release|Any CPU
	EndGlobalSection
	GlobalSection(SolutionProperties) = preSolution
		HideSolutionNode = FALSE
	EndGlobalSection
	GlobalSection(NestedProjects) = preSolution
		{65BC8757-8123-4B16-A440-ABFA0FCBB166} = {029A27DB-076B-4856-B169-A7DA01277F8A}
		{28F6E54D-3D57-481E-B598-3791D8BFD68E} = {E822DF3E-2432-4E24-BFB3-9C1B9FADCB12}
	EndGlobalSection
EndGlobal
